
Microsoft Visual Studio Solution File, Format Version 12.00
# Visual Studio Version 17
VisualStudioVersion = 17.13.35919.96 d17.13
MinimumVisualStudioVersion = 10.0.40219.1
Project("{FAE04EC0-301F-11D3-BF4B-00C04F79EFBC}") = "Learning", "Learning.csproj", "{33EEA1DC-AFA4-455C-9827-72C8E33B5CB2}"
EndProject
Global
	GlobalSection(SolutionConfigurationPlatforms) = preSolution
		Debug|Any CPU = Debug|Any CPU
		Release|Any CPU = Release|Any CPU
	EndGlobalSection
	GlobalSection(ProjectConfigurationPlatforms) = postSolution
		{33EEA1DC-AFA4-455C-9827-72C8E33B5CB2}.Debug|Any CPU.ActiveCfg = Debug|Any CPU
		{33EEA1DC-AFA4-455C-9827-72C8E33B5CB2}.Debug|Any CPU.Build.0 = Debug|Any CPU
		{33EEA1DC-AFA4-455C-9827-72C8E33B5CB2}.Release|Any CPU.ActiveCfg = Release|Any CPU
		{33EEA1DC-AFA4-455C-9827-72C8E33B5CB2}.Release|Any CPU.Build.0 = Release|Any CPU
	EndGlobalSection
	GlobalSection(SolutionProperties) = preSolution
		HideSolutionNode = FALSE
	EndGlobalSection
	GlobalSection(ExtensibilityGlobals) = postSolution
		SolutionGuid = {632A414A-1AC9-4A3A-B046-E06CFD7D418D}
	EndGlobalSection
EndGlobal
